// !$*UTF8*$!
{
	archiveVersion = 1;
	classes = {
	};
	objectVersion = 50;
	objects = {

/* Begin PBXBuildFile section */
		D6C8E76121B10FE7005E08CF /* AppDelegate.swift in Sources */ = {isa = PBXBuildFile; fileRef = D6C8E76021B10FE7005E08CF /* AppDelegate.swift */; };
		D6C8E76321B10FE7005E08CF /* ViewController.swift in Sources */ = {isa = PBXBuildFile; fileRef = D6C8E76221B10FE7005E08CF /* ViewController.swift */; };
		D6C8E76621B10FE7005E08CF /* Main.storyboard in Resources */ = {isa = PBXBuildFile; fileRef = D6C8E76421B10FE7005E08CF /* Main.storyboard */; };
		D6C8E76821B10FE9005E08CF /* Assets.xcassets in Resources */ = {isa = PBXBuildFile; fileRef = D6C8E76721B10FE9005E08CF /* Assets.xcassets */; };
		D6C8E76B21B10FE9005E08CF /* LaunchScreen.storyboard in Resources */ = {isa = PBXBuildFile; fileRef = D6C8E76921B10FE9005E08CF /* LaunchScreen.storyboard */; };
		D6C8E77521B110D2005E08CF /* VC1ViewController.swift in Sources */ = {isa = PBXBuildFile; fileRef = D6C8E77421B110D2005E08CF /* VC1ViewController.swift */; };
		D6C8E77721B111D0005E08CF /* B2ViewController.swift in Sources */ = {isa = PBXBuildFile; fileRef = D6C8E77621B111D0005E08CF /* B2ViewController.swift */; };
/* End PBXBuildFile section */

/* Begin PBXFileReference section */
		D6C8E75D21B10FE7005E08CF /* storyboard.app */ = {isa = PBXFileReference; explicitFileType = wrapper.application; includeInIndex = 0; path = storyboard.app; sourceTree = BUILT_PRODUCTS_DIR; };
		D6C8E76021B10FE7005E08CF /* AppDelegate.swift */ = {isa = PBXFileReference; lastKnownFileType = sourcecode.swift; path = AppDelegate.swift; sourceTree = "<group>"; };
		D6C8E76221B10FE7005E08CF /* ViewController.swift */ = {isa = PBXFileReference; lastKnownFileType = sourcecode.swift; path = ViewController.swift; sourceTree = "<group>"; };
		D6C8E76521B10FE7005E08CF /* Base */ = {isa = PBXFileReference; lastKnownFileType = file.storyboard; name = Base; path = Base.lproj/Main.storyboard; sourceTree = "<group>"; };
		D6C8E76721B10FE9005E08CF /* Assets.xcassets */ = {isa = PBXFileReference; lastKnownFileType = folder.assetcatalog; path = Assets.xcassets; sourceTree = "<group>"; };
		D6C8E76A21B10FE9005E08CF /* Base */ = {isa = PBXFileReference; lastKnownFileType = file.storyboard; name = Base; path = Base.lproj/LaunchScreen.storyboard; sourceTree = "<group>"; };
		D6C8E76C21B10FE9005E08CF /* Info.plist */ = {isa = PBXFileReference; lastKnownFileType = text.plist.xml; path = Info.plist; sourceTree = "<group>"; };
		D6C8E77421B110D2005E08CF /* VC1ViewController.swift */ = {isa = PBXFileReference; lastKnownFileType = sourcecode.swift; path = VC1ViewController.swift; sourceTree = "<group>"; };
		D6C8E77621B111D0005E08CF /* B2ViewController.swift */ = {isa = PBXFileReference; lastKnownFileType = sourcecode.swift; path = B2ViewController.swift; sourceTree = "<group>"; };
/* End PBXFileReference section */

/* Begin PBXFrameworksBuildPhase section */
		D6C8E75A21B10FE7005E08CF /* Frameworks */ = {
			isa = PBXFrameworksBuildPhase;
			buildActionMask = 2147483647;
			files = (
			);
			runOnlyForDeploymentPostprocessing = 0;
		};
/* End PBXFrameworksBuildPhase section */

/* Begin PBXGroup section */
		D6C8E75421B10FE7005E08CF = {
			isa = PBXGroup;
			children = (
				D6C8E75F21B10FE7005E08CF /* storyboard */,
				D6C8E75E21B10FE7005E08CF /* Products */,
			);
			sourceTree = "<group>";
		};
		D6C8E75E21B10FE7005E08CF /* Products */ = {
			isa = PBXGroup;
			children = (
				D6C8E75D21B10FE7005E08CF /* storyboard.app */,
			);
			name = Products;
			sourceTree = "<group>";
		};
		D6C8E75F21B10FE7005E08CF /* storyboard */ = {
			isa = PBXGroup;
			children = (
				D6C8E76021B10FE7005E08CF /* AppDelegate.swift */,
				D6C8E76221B10FE7005E08CF /* ViewController.swift */,
				D6C8E77621B111D0005E08CF /* B2ViewController.swift */,
				D6C8E77421B110D2005E08CF /* VC1ViewController.swift */,
				D6C8E76421B10FE7005E08CF /* Main.storyboard */,
				D6C8E76721B10FE9005E08CF /* Assets.xcassets */,
				D6C8E76921B10FE9005E08CF /* LaunchScreen.storyboard */,
				D6C8E76C21B10FE9005E08CF /* Info.plist */,
			);
			path = storyboard;
			sourceTree = "<group>";
		};
/* End PBXGroup section */

/* Begin PBXNativeTarget section */
		D6C8E75C21B10FE7005E08CF /* storyboard */ = {
			isa = PBXNativeTarget;
			buildConfigurationList = D6C8E76F21B10FE9005E08CF /* Build configuration list for PBXNativeTarget "storyboard" */;
			buildPhases = (
				D6C8E75921B10FE7005E08CF /* Sources */,
				D6C8E75A21B10FE7005E08CF /* Frameworks */,
				D6C8E75B21B10FE7005E08CF /* Resources */,
			);
			buildRules = (
			);
			dependencies = (
			);
			name = storyboard;
			productName = storyboard;
			productReference = D6C8E75D21B10FE7005E08CF /* storyboard.app */;
			productType = "com.apple.product-type.application";
		};
/* End PBXNativeTarget section */

/* Begin PBXProject section */
		D6C8E75521B10FE7005E08CF /* Project object */ = {
			isa = PBXProject;
			attributes = {
				LastSwiftUpdateCheck = 1000;
				LastUpgradeCheck = 1000;
				ORGANIZATIONNAME = srtekMAC;
				TargetAttributes = {
					D6C8E75C21B10FE7005E08CF = {
						CreatedOnToolsVersion = 10.0;
					};
				};
			};
			buildConfigurationList = D6C8E75821B10FE7005E08CF /* Build configuration list for PBXProject "storyboard" */;
			compatibilityVersion = "Xcode 9.3";
			developmentRegion = en;
			hasScannedForEncodings = 0;
			knownRegions = (
				en,
				Base,
			);
			mainGroup = D6C8E75421B10FE7005E08CF;
			productRefGroup = D6C8E75E21B10FE7005E08CF /* Products */;
			projectDirPath = "";
			projectRoot = "";
			targets = (
				D6C8E75C21B10FE7005E08CF /* storyboard */,
			);
		};
/* End PBXProject section */

/* Begin PBXResourcesBuildPhase section */
		D6C8E75B21B10FE7005E08CF /* Resources */ = {
			isa = PBXResourcesBuildPhase;
			buildActionMask = 2147483647;
			files = (
				D6C8E76B21B10FE9005E08CF /* LaunchScreen.storyboard in Resources */,
				D6C8E76821B10FE9005E08CF /* Assets.xcassets in Resources */,
				D6C8E76621B10FE7005E08CF /* Main.storyboard in Resources */,
			);
			runOnlyForDeploymentPostprocessing = 0;
		};
/* End PBXResourcesBuildPhase section */

/* Begin PBXSourcesBuildPhase section */
		D6C8E75921B10FE7005E08CF /* Sources */ = {
			isa = PBXSourcesBuildPhase;
			buildActionMask = 2147483647;
			files = (
				D6C8E77721B111D0005E08CF /* B2ViewController.swift in Sources */,
				D6C8E76321B10FE7005E08CF /* ViewController.swift in Sources */,
				D6C8E77521B110D2005E08CF /* VC1ViewController.swift in Sources */,
				D6C8E76121B10FE7005E08CF /* AppDelegate.swift in Sources */,
			);
			runOnlyForDeploymentPostprocessing = 0;
		};
/* End PBXSourcesBuildPhase section */

/* Begin PBXVariantGroup section */
		D6C8E76421B10FE7005E08CF /* Main.storyboard */ = {
			isa = PBXVariantGroup;
			children = (
				D6C8E76521B10FE7005E08CF /* Base */,
			);
			name = Main.storyboard;
			sourceTree = "<group>";
		};
		D6C8E76921B10FE9005E08CF /* LaunchScreen.storyboard */ = {
			isa = PBXVariantGroup;
			children = (
				D6C8E76A21B10FE9005E08CF /* Base */,
			);
			name = LaunchScreen.storyboard;
			sourceTree = "<group>";
		};
/* End PBXVariantGroup section */

/* Begin XCBuildConfiguration section */
		D6C8E76D21B10FE9005E08CF /* Debug */ = {
			isa = XCBuildConfiguration;
			buildSettings = {
				ALWAYS_SEARCH_USER_PATHS = NO;
				CLANG_ANALYZER_NONNULL = YES;
				CLANG_ANALYZER_NUMBER_OBJECT_CONVERSION = YES_AGGRESSIVE;
				CLANG_CXX_LANGUAGE_STANDARD = "gnu++14";
				CLANG_CXX_LIBRARY = "libc++";
				CLANG_ENABLE_MODULES = YES;
				CLANG_ENABLE_OBJC_ARC = YES;
				CLANG_ENABLE_OBJC_WEAK = YES;
				CLANG_WARN_BLOCK_CAPTURE_AUTORELEASING = YES;
				CLANG_WARN_BOOL_CONVERSION = YES;
				CLANG_WARN_COMMA = YES;
				CLANG_WARN_CONSTANT_CONVERSION = YES;
				CLANG_WARN_DEPRECATED_OBJC_IMPLEMENTATIONS = YES;
				CLANG_WARN_DIRECT_OBJC_ISA_USAGE = YES_ERROR;
				CLANG_WARN_DOCUMENTATION_COMMENTS = YES;
				CLANG_WARN_EMPTY_BODY = YES;
				CLANG_WARN_ENUM_CONVERSION = YES;
				CLANG_WARN_INFINITE_RECURSION = YES;
				CLANG_WARN_INT_CONVERSION = YES;
				CLANG_WARN_NON_LITERAL_NULL_CONVERSION = YES;
				CLANG_WARN_OBJC_IMPLICIT_RETAIN_SELF = YES;
				CLANG_WARN_OBJC_LITERAL_CONVERSION = YES;
				CLANG_WARN_OBJC_ROOT_CLASS = YES_ERROR;
				CLANG_WARN_RANGE_LOOP_ANALYSIS = YES;
				CLANG_WARN_STRICT_PROTOTYPES = YES;
				CLANG_WARN_SUSPICIOUS_MOVE = YES;
				CLANG_WARN_UNGUARDED_AVAILABILITY = YES_AGGRESSIVE;
				CLANG_WARN_UNREACHABLE_CODE = YES;
				CLANG_WARN__DUPLICATE_METHOD_MATCH = YES;
				CODE_SIGN_IDENTITY = "iPhone Developer";
				COPY_PHASE_STRIP = NO;
				DEBUG_INFORMATION_FORMAT = dwarf;
				ENABLE_STRICT_OBJC_MSGSEND = YES;
				ENABLE_TESTABILITY = YES;
				GCC_C_LANGUAGE_STANDARD = gnu11;
				GCC_DYNAMIC_NO_PIC = NO;
				GCC_NO_COMMON_BLOCKS = YES;
				GCC_OPTIMIZATION_LEVEL = 0;
				GCC_PREPROCESSOR_DEFINITIONS = (
					"DEBUG=1",
					"$(inherited)",
				);
				GCC_WARN_64_TO_32_BIT_CONVERSION = YES;
				GCC_WARN_ABOUT_RETURN_TYPE = YES_ERROR;
				GCC_WARN_UNDECLARED_SELECTOR = YES;
				GCC_WARN_UNINITIALIZED_AUTOS = YES_AGGRESSIVE;
				GCC_WARN_UNUSED_FUNCTION = YES;
				GCC_WARN_UNUSED_VARIABLE = YES;
				IPHONEOS_DEPLOYMENT_TARGET = 12.0;
				MTL_ENABLE_DEBUG_INFO = INCLUDE_SOURCE;
				MTL_FAST_MATH = YES;
				ONLY_ACTIVE_ARCH = YES;
				SDKROOT = iphoneos;
				SWIFT_ACTIVE_COMPILATION_CONDITIONS = DEBUG;
				SWIFT_OPTIMIZATION_LEVEL = "-Onone";
			};
			name = Debug;
		};
		D6C8E76E21B10FE9005E08CF /* Release */ = {
			isa = XCBuildConfiguration;
			buildSettings = {
				ALWAYS_SEARCH_USER_PATHS = NO;
				CLANG_ANALYZER_NONNULL = YES;
				CLANG_ANALYZER_NUMBER_OBJECT_CONVERSION = YES_AGGRESSIVE;
				CLANG_CXX_LANGUAGE_STANDARD = "gnu++14";
				CLANG_CXX_LIBRARY = "libc++";
				CLANG_ENABLE_MODULES = YES;
				CLANG_ENABLE_OBJC_ARC = YES;
				CLANG_ENABLE_OBJC_WEAK = YES;
				CLANG_WARN_BLOCK_CAPTURE_AUTORELEASING = YES;
				CLANG_WARN_BOOL_CONVERSION = YES;
				CLANG_WARN_COMMA = YES;
				CLANG_WARN_CONSTANT_CONVERSION = YES;
				CLANG_WARN_DEPRECATED_OBJC_IMPLEMENTATIONS = YES;
				CLANG_WARN_DIRECT_OBJC_ISA_USAGE = YES_ERROR;
				CLANG_WARN_DOCUMENTATION_COMMENTS = YES;
				CLANG_WARN_EMPTY_BODY = YES;
				CLANG_WARN_ENUM_CONVERSION = YES;
				CLANG_WARN_INFINITE_RECURSION = YES;
				CLANG_WARN_INT_CONVERSION = YES;
				CLANG_WARN_NON_LITERAL_NULL_CONVERSION = YES;
				CLANG_WARN_OBJC_IMPLICIT_RETAIN_SELF = YES;
				CLANG_WARN_OBJC_LITERAL_CONVERSION = YES;
				CLANG_WARN_OBJC_ROOT_CLASS = YES_ERROR;
				CLANG_WARN_RANGE_LOOP_ANALYSIS = YES;
				CLANG_WARN_STRICT_PROTOTYPES = YES;
				CLANG_WARN_SUSPICIOUS_MOVE = YES;
				CLANG_WARN_UNGUARDED_AVAILABILITY = YES_AGGRESSIVE;
				CLANG_WARN_UNREACHABLE_CODE = YES;
				CLANG_WARN__DUPLICATE_METHOD_MATCH = YES;
				CODE_SIGN_IDENTITY = "iPhone Developer";
				COPY_PHASE_STRIP = NO;
				DEBUG_INFORMATION_FORMAT = "dwarf-with-dsym";
				ENABLE_NS_ASSERTIONS = NO;
				ENABLE_STRICT_OBJC_MSGSEND = YES;
				GCC_C_LANGUAGE_STANDARD = gnu11;
				GCC_NO_COMMON_BLOCKS = YES;
				GCC_WARN_64_TO_32_BIT_CONVERSION = YES;
				GCC_WARN_ABOUT_RETURN_TYPE = YES_ERROR;
				GCC_WARN_UNDECLARED_SELECTOR = YES;
				GCC_WARN_UNINITIALIZED_AUTOS = YES_AGGRESSIVE;
				GCC_WARN_UNUSED_FUNCTION = YES;
				GCC_WARN_UNUSED_VARIABLE = YES;
				IPHONEOS_DEPLOYMENT_TARGET = 12.0;
				MTL_ENABLE_DEBUG_INFO = NO;
				MTL_FAST_MATH = YES;
				SDKROOT = iphoneos;
				SWIFT_COMPILATION_MODE = wholemodule;
				SWIFT_OPTIMIZATION_LEVEL = "-O";
				VALIDATE_PRODUCT = YES;
			};
			name = Release;
		};
		D6C8E77021B10FE9005E08CF /* Debug */ = {
			isa = XCBuildConfiguration;
			buildSettings = {
				ASSETCATALOG_COMPILER_APPICON_NAME = AppIcon;
				CODE_SIGN_STYLE = Automatic;
				DEVELOPMENT_TEAM = WX6FMYF457;
				INFOPLIST_FILE = storyboard/Info.plist;
				LD_RUNPATH_SEARCH_PATHS = (
					"$(inherited)",
					"@executable_path/Frameworks",
				);
				PRODUCT_BUNDLE_IDENTIFIER = com.srtekbox.storyboard;
				PRODUCT_NAME = "$(TARGET_NAME)";
				SWIFT_VERSION = 4.2;
				TARGETED_DEVICE_FAMILY = "1,2";
			};
			name = Debug;
		};
		D6C8E77121B10FE9005E08CF /* Release */ = {
			isa = XCBuildConfiguration;
			buildSettings = {
				ASSETCATALOG_COMPILER_APPICON_NAME = AppIcon;
				CODE_SIGN_STYLE = Automatic;
				DEVELOPMENT_TEAM = WX6FMYF457;
				INFOPLIST_FILE = storyboard/Info.plist;
				LD_RUNPATH_SEARCH_PATHS = (
					"$(inherited)",
					"@executable_path/Frameworks",
				);
				PRODUCT_BUNDLE_IDENTIFIER = com.srtekbox.storyboard;
				PRODUCT_NAME = "$(TARGET_NAME)";
				SWIFT_VERSION = 4.2;
				TARGETED_DEVICE_FAMILY = "1,2";
			};
			name = Release;
		};
/* End XCBuildConfiguration section */

/* Begin XCConfigurationList section */
		D6C8E75821B10FE7005E08CF /* Build configuration list for PBXProject "storyboard" */ = {
			isa = XCConfigurationList;
			buildConfigurations = (
				D6C8E76D21B10FE9005E08CF /* Debug */,
				D6C8E76E21B10FE9005E08CF /* Release */,
			);
			defaultConfigurationIsVisible = 0;
			defaultConfigurationName = Release;
		};
		D6C8E76F21B10FE9005E08CF /* Build configuration list for PBXNativeTarget "storyboard" */ = {
			isa = XCConfigurationList;
			buildConfigurations = (
				D6C8E77021B10FE9005E08CF /* Debug */,
				D6C8E77121B10FE9005E08CF /* Release */,
			);
			defaultConfigurationIsVisible = 0;
			defaultConfigurationName = Release;
		};
/* End XCConfigurationList section */
	};
	rootObject = D6C8E75521B10FE7005E08CF /* Project object */;
}
